
Microsoft Visual Studio Solution File, Format Version 12.00
# Visual Studio Version 16
VisualStudioVersion = 16.0.30406.217
MinimumVisualStudioVersion = 10.0.40219.1
Project("{2150E333-8FDC-42A3-9474-1A3956D46DE8}") = "src", "src", "{156EB314-9F4D-4925-9702-56FD2819ADB0}"
EndProject
Project("{FAE04EC0-301F-11D3-BF4B-00C04F79EFBC}") = "ErrorApi", "ErrorApi\ErrorApi.csproj", "{D0815E70-2699-46BE-9AEE-7E13F2F090D9}"
EndProject
Global
	GlobalSection(SolutionConfigurationPlatforms) = preSolution
		Debug|Any CPU = Debug|Any CPU
		Release|Any CPU = Release|Any CPU
	EndGlobalSection
	GlobalSection(ProjectConfigurationPlatforms) = postSolution
		{D0815E70-2699-46BE-9AEE-7E13F2F090D9}.Debug|Any CPU.ActiveCfg = Debug|Any CPU
		{D0815E70-2699-46BE-9AEE-7E13F2F090D9}.Debug|Any CPU.Build.0 = Debug|Any CPU
		{D0815E70-2699-46BE-9AEE-7E13F2F090D9}.Release|Any CPU.ActiveCfg = Release|Any CPU
		{D0815E70-2699-46BE-9AEE-7E13F2F090D9}.Release|Any CPU.Build.0 = Release|Any CPU
	EndGlobalSection
	GlobalSection(SolutionProperties) = preSolution
		HideSolutionNode = FALSE
	EndGlobalSection
	GlobalSection(NestedProjects) = preSolution
		{D0815E70-2699-46BE-9AEE-7E13F2F090D9} = {156EB314-9F4D-4925-9702-56FD2819ADB0}
	EndGlobalSection
	GlobalSection(ExtensibilityGlobals) = postSolution
		SolutionGuid = {E85AAD60-DB12-4DA7-AE8A-74238695AC36}
	EndGlobalSection
EndGlobal
